
Microsoft Visual Studio Solution File, Format Version 12.00
# Visual Studio Version 17
VisualStudioVersion = 17.0.32126.317
MinimumVisualStudioVersion = 10.0.40219.1
Project("{FAE04EC0-301F-11D3-BF4B-00C04F79EFBC}") = "tupiniquimAula.ConsoleApp", "tupiniquimAula.ConsoleApp\tupiniquimAula.ConsoleApp.csproj", "{24A27562-5357-4F4C-BCDB-1B1DE56C6E34}"
EndProject
Global
	GlobalSection(SolutionConfigurationPlatforms) = preSolution
		Debug|Any CPU = Debug|Any CPU
		Release|Any CPU = Release|Any CPU
	EndGlobalSection
	GlobalSection(ProjectConfigurationPlatforms) = postSolution
		{24A27562-5357-4F4C-BCDB-1B1DE56C6E34}.Debug|Any CPU.ActiveCfg = Debug|Any CPU
		{24A27562-5357-4F4C-BCDB-1B1DE56C6E34}.Debug|Any CPU.Build.0 = Debug|Any CPU
		{24A27562-5357-4F4C-BCDB-1B1DE56C6E34}.Release|Any CPU.ActiveCfg = Release|Any CPU
		{24A27562-5357-4F4C-BCDB-1B1DE56C6E34}.Release|Any CPU.Build.0 = Release|Any CPU
	EndGlobalSection
	GlobalSection(SolutionProperties) = preSolution
		HideSolutionNode = FALSE
	EndGlobalSection
	GlobalSection(ExtensibilityGlobals) = postSolution
		SolutionGuid = {851C6BE1-3B42-40D7-8CD3-EA1A887FB50D}
	EndGlobalSection
EndGlobal
